
Microsoft Visual Studio Solution File, Format Version 12.00
# Visual Studio Version 17
VisualStudioVersion = 17.2.32519.379
MinimumVisualStudioVersion = 10.0.40219.1
Project("{9A19103F-16F7-4668-BE54-9A1E7A4F7556}") = "WebApi", "WebApi\WebApi.csproj", "{79BC700A-B3EB-467D-B6CF-9C0146389822}"
EndProject
Project("{FAE04EC0-301F-11D3-BF4B-00C04F79EFBC}") = "ConsoleTestWebApi", "ConsoleTestWebApi\ConsoleTestWebApi.csproj", "{7A791A0A-2DE7-4C26-B62D-FBA7F430748E}"
EndProject
Project("{FAE04EC0-301F-11D3-BF4B-00C04F79EFBC}") = "ApiModels", "ApiModels\ApiModels.csproj", "{F9F8B4C3-27D5-4121-945F-9858686AA145}"
EndProject
Global
	GlobalSection(SolutionConfigurationPlatforms) = preSolution
		Debug|Any CPU = Debug|Any CPU
		Release|Any CPU = Release|Any CPU
	EndGlobalSection
	GlobalSection(ProjectConfigurationPlatforms) = postSolution
		{79BC700A-B3EB-467D-B6CF-9C0146389822}.Debug|Any CPU.ActiveCfg = Debug|Any CPU
		{79BC700A-B3EB-467D-B6CF-9C0146389822}.Debug|Any CPU.Build.0 = Debug|Any CPU
		{79BC700A-B3EB-467D-B6CF-9C0146389822}.Release|Any CPU.ActiveCfg = Release|Any CPU
		{79BC700A-B3EB-467D-B6CF-9C0146389822}.Release|Any CPU.Build.0 = Release|Any CPU
		{7A791A0A-2DE7-4C26-B62D-FBA7F430748E}.Debug|Any CPU.ActiveCfg = Debug|Any CPU
		{7A791A0A-2DE7-4C26-B62D-FBA7F430748E}.Debug|Any CPU.Build.0 = Debug|Any CPU
		{7A791A0A-2DE7-4C26-B62D-FBA7F430748E}.Release|Any CPU.ActiveCfg = Release|Any CPU
		{7A791A0A-2DE7-4C26-B62D-FBA7F430748E}.Release|Any CPU.Build.0 = Release|Any CPU
		{F9F8B4C3-27D5-4121-945F-9858686AA145}.Debug|Any CPU.ActiveCfg = Debug|Any CPU
		{F9F8B4C3-27D5-4121-945F-9858686AA145}.Debug|Any CPU.Build.0 = Debug|Any CPU
		{F9F8B4C3-27D5-4121-945F-9858686AA145}.Release|Any CPU.ActiveCfg = Release|Any CPU
		{F9F8B4C3-27D5-4121-945F-9858686AA145}.Release|Any CPU.Build.0 = Release|Any CPU
	EndGlobalSection
	GlobalSection(SolutionProperties) = preSolution
		HideSolutionNode = FALSE
	EndGlobalSection
	GlobalSection(ExtensibilityGlobals) = postSolution
		SolutionGuid = {FDA47FD5-656A-48E1-8306-6C0A2CCCB32B}
	EndGlobalSection
EndGlobal
