
Microsoft Visual Studio Solution File, Format Version 12.00
# Visual Studio Version 16
VisualStudioVersion = 16.0.31129.286
MinimumVisualStudioVersion = 10.0.40219.1
Project("{FAE04EC0-301F-11D3-BF4B-00C04F79EFBC}") = "GrpcWasm.Server", "GrpcWasm\Server\GrpcWasm.Server.csproj", "{9831C16E-D1E5-43C8-A45B-EB679B3425EC}"
EndProject
Project("{FAE04EC0-301F-11D3-BF4B-00C04F79EFBC}") = "GrpcWasm.Client", "GrpcWasm\Client\GrpcWasm.Client.csproj", "{8B5FCEE6-52DE-415B-ACAE-463DBBC83F29}"
EndProject
Project("{FAE04EC0-301F-11D3-BF4B-00C04F79EFBC}") = "GrpcWasm.Shared", "GrpcWasm\Shared\GrpcWasm.Shared.csproj", "{D3246191-0980-40B1-ABA7-60C44DC5A3A9}"
EndProject
Global
	GlobalSection(SolutionConfigurationPlatforms) = preSolution
		Debug|Any CPU = Debug|Any CPU
		Release|Any CPU = Release|Any CPU
	EndGlobalSection
	GlobalSection(ProjectConfigurationPlatforms) = postSolution
		{9831C16E-D1E5-43C8-A45B-EB679B3425EC}.Debug|Any CPU.ActiveCfg = Debug|Any CPU
		{9831C16E-D1E5-43C8-A45B-EB679B3425EC}.Debug|Any CPU.Build.0 = Debug|Any CPU
		{9831C16E-D1E5-43C8-A45B-EB679B3425EC}.Release|Any CPU.ActiveCfg = Release|Any CPU
		{9831C16E-D1E5-43C8-A45B-EB679B3425EC}.Release|Any CPU.Build.0 = Release|Any CPU
		{8B5FCEE6-52DE-415B-ACAE-463DBBC83F29}.Debug|Any CPU.ActiveCfg = Debug|Any CPU
		{8B5FCEE6-52DE-415B-ACAE-463DBBC83F29}.Debug|Any CPU.Build.0 = Debug|Any CPU
		{8B5FCEE6-52DE-415B-ACAE-463DBBC83F29}.Release|Any CPU.ActiveCfg = Release|Any CPU
		{8B5FCEE6-52DE-415B-ACAE-463DBBC83F29}.Release|Any CPU.Build.0 = Release|Any CPU
		{D3246191-0980-40B1-ABA7-60C44DC5A3A9}.Debug|Any CPU.ActiveCfg = Debug|Any CPU
		{D3246191-0980-40B1-ABA7-60C44DC5A3A9}.Debug|Any CPU.Build.0 = Debug|Any CPU
		{D3246191-0980-40B1-ABA7-60C44DC5A3A9}.Release|Any CPU.ActiveCfg = Release|Any CPU
		{D3246191-0980-40B1-ABA7-60C44DC5A3A9}.Release|Any CPU.Build.0 = Release|Any CPU
	EndGlobalSection
	GlobalSection(SolutionProperties) = preSolution
		HideSolutionNode = FALSE
	EndGlobalSection
	GlobalSection(ExtensibilityGlobals) = postSolution
		SolutionGuid = {BCAC0567-91CC-454C-8B3C-14A8A3246757}
	EndGlobalSection
EndGlobal
